// !$*UTF8*$!
{
	archiveVersion = 1;
	classes = {
	};
	objectVersion = 54;
	objects = {

/* Begin PBXBuildFile section */
		58BCEAFD41F54C6D1E620C2E /* Pods_Parstagram.framework in Frameworks */ = {isa = PBXBuildFile; fileRef = 2788835F0B3D0E918CF59B8A /* Pods_Parstagram.framework */; };
		B02D094A25F302FB004E7F6A /* AppDelegate.swift in Sources */ = {isa = PBXBuildFile; fileRef = B02D094925F302FB004E7F6A /* AppDelegate.swift */; };
		B02D095125F302FB004E7F6A /* Main.storyboard in Resources */ = {isa = PBXBuildFile; fileRef = B02D094F25F302FB004E7F6A /* Main.storyboard */; };
		B02D095325F302FD004E7F6A /* Assets.xcassets in Resources */ = {isa = PBXBuildFile; fileRef = B02D095225F302FD004E7F6A /* Assets.xcassets */; };
		B02D095625F302FD004E7F6A /* LaunchScreen.storyboard in Resources */ = {isa = PBXBuildFile; fileRef = B02D095425F302FD004E7F6A /* LaunchScreen.storyboard */; };
		B04C3BD325F3D45400A58BD4 /* PostTableViewCell.swift in Sources */ = {isa = PBXBuildFile; fileRef = B04C3BD225F3D44C00A58BD4 /* PostTableViewCell.swift */; };
		B04C3BF025F3F3F600A58BD4 /* SceneDelegate.swift in Sources */ = {isa = PBXBuildFile; fileRef = B04C3BEF25F3F3F600A58BD4 /* SceneDelegate.swift */; };
		B095C6A325F5B97E00862D45 /* README.md in Resources */ = {isa = PBXBuildFile; fileRef = B095C6A225F5B97E00862D45 /* README.md */; };
		B0E99F0C25F314E60083CA88 /* LoginViewController.swift in Sources */ = {isa = PBXBuildFile; fileRef = B0E99F0B25F314E60083CA88 /* LoginViewController.swift */; };
		B0E99F0F25F314EE0083CA88 /* FeedViewController.swift in Sources */ = {isa = PBXBuildFile; fileRef = B0E99F0E25F314EE0083CA88 /* FeedViewController.swift */; };
		B0E99F1325F31F250083CA88 /* NewPostViewController.swift in Sources */ = {isa = PBXBuildFile; fileRef = B0E99F1225F31F250083CA88 /* NewPostViewController.swift */; };
/* End PBXBuildFile section */

/* Begin PBXFileReference section */
		2323482248E5BE53BE910801 /* Pods-Parstagram.release.xcconfig */ = {isa = PBXFileReference; includeInIndex = 1; lastKnownFileType = text.xcconfig; name = "Pods-Parstagram.release.xcconfig"; path = "Target Support Files/Pods-Parstagram/Pods-Parstagram.release.xcconfig"; sourceTree = "<group>"; };
		2788835F0B3D0E918CF59B8A /* Pods_Parstagram.framework */ = {isa = PBXFileReference; explicitFileType = wrapper.framework; includeInIndex = 0; path = Pods_Parstagram.framework; sourceTree = BUILT_PRODUCTS_DIR; };
		4120F4F9A2012345CD82A226 /* Pods-Parstagram.debug.xcconfig */ = {isa = PBXFileReference; includeInIndex = 1; lastKnownFileType = text.xcconfig; name = "Pods-Parstagram.debug.xcconfig"; path = "Target Support Files/Pods-Parstagram/Pods-Parstagram.debug.xcconfig"; sourceTree = "<group>"; };
		B02D094625F302FB004E7F6A /* Parstagram.app */ = {isa = PBXFileReference; explicitFileType = wrapper.application; includeInIndex = 0; path = Parstagram.app; sourceTree = BUILT_PRODUCTS_DIR; };
		B02D094925F302FB004E7F6A /* AppDelegate.swift */ = {isa = PBXFileReference; lastKnownFileType = sourcecode.swift; path = AppDelegate.swift; sourceTree = "<group>"; };
		B02D095025F302FB004E7F6A /* Base */ = {isa = PBXFileReference; lastKnownFileType = file.storyboard; name = Base; path = Base.lproj/Main.storyboard; sourceTree = "<group>"; };
		B02D095225F302FD004E7F6A /* Assets.xcassets */ = {isa = PBXFileReference; lastKnownFileType = folder.assetcatalog; path = Assets.xcassets; sourceTree = "<group>"; };
		B02D095525F302FD004E7F6A /* Base */ = {isa = PBXFileReference; lastKnownFileType = file.storyboard; name = Base; path = Base.lproj/LaunchScreen.storyboard; sourceTree = "<group>"; };
		B02D095725F302FD004E7F6A /* Info.plist */ = {isa = PBXFileReference; lastKnownFileType = text.plist.xml; path = Info.plist; sourceTree = "<group>"; };
		B04C3BD225F3D44C00A58BD4 /* PostTableViewCell.swift */ = {isa = PBXFileReference; lastKnownFileType = sourcecode.swift; name = PostTableViewCell.swift; path = Parstagram/Views/PostTableViewCell.swift; sourceTree = SOURCE_ROOT; };
		B04C3BEF25F3F3F600A58BD4 /* SceneDelegate.swift */ = {isa = PBXFileReference; lastKnownFileType = sourcecode.swift; path = SceneDelegate.swift; sourceTree = "<group>"; };
		B095C6A225F5B97E00862D45 /* README.md */ = {isa = PBXFileReference; lastKnownFileType = net.daringfireball.markdown; path = README.md; sourceTree = "<group>"; };
		B0E99F0B25F314E60083CA88 /* LoginViewController.swift */ = {isa = PBXFileReference; lastKnownFileType = sourcecode.swift; path = LoginViewController.swift; sourceTree = "<group>"; };
		B0E99F0E25F314EE0083CA88 /* FeedViewController.swift */ = {isa = PBXFileReference; lastKnownFileType = sourcecode.swift; path = FeedViewController.swift; sourceTree = "<group>"; };
		B0E99F1225F31F250083CA88 /* NewPostViewController.swift */ = {isa = PBXFileReference; lastKnownFileType = sourcecode.swift; path = NewPostViewController.swift; sourceTree = "<group>"; };
/* End PBXFileReference section */

/* Begin PBXFrameworksBuildPhase section */
		B02D094325F302FA004E7F6A /* Frameworks */ = {
			isa = PBXFrameworksBuildPhase;
			buildActionMask = 2147483647;
			files = (
				58BCEAFD41F54C6D1E620C2E /* Pods_Parstagram.framework in Frameworks */,
			);
			runOnlyForDeploymentPostprocessing = 0;
		};
/* End PBXFrameworksBuildPhase section */

/* Begin PBXGroup section */
		04D61920C9372D9F5D547C63 /* Frameworks */ = {
			isa = PBXGroup;
			children = (
				2788835F0B3D0E918CF59B8A /* Pods_Parstagram.framework */,
			);
			name = Frameworks;
			sourceTree = "<group>";
		};
		B02D093D25F302FA004E7F6A = {
			isa = PBXGroup;
			children = (
				B095C6A225F5B97E00862D45 /* README.md */,
				B02D094825F302FB004E7F6A /* Parstagram */,
				B02D094725F302FB004E7F6A /* Products */,
				D22E3B2FD6716B255A223D3E /* Pods */,
				04D61920C9372D9F5D547C63 /* Frameworks */,
			);
			sourceTree = "<group>";
		};
		B02D094725F302FB004E7F6A /* Products */ = {
			isa = PBXGroup;
			children = (
				B02D094625F302FB004E7F6A /* Parstagram.app */,
			);
			name = Products;
			sourceTree = "<group>";
		};
		B02D094825F302FB004E7F6A /* Parstagram */ = {
			isa = PBXGroup;
			children = (
				B04C3BE125F3EF7B00A58BD4 /* Delegates */,
				B04C3BE225F3EF8400A58BD4 /* View Controllers */,
				B04C3BE325F3EF8C00A58BD4 /* Views */,
				B02D094F25F302FB004E7F6A /* Main.storyboard */,
				B02D095425F302FD004E7F6A /* LaunchScreen.storyboard */,
				B02D095225F302FD004E7F6A /* Assets.xcassets */,
				B02D095725F302FD004E7F6A /* Info.plist */,
			);
			path = Parstagram;
			sourceTree = "<group>";
		};
		B04C3BE125F3EF7B00A58BD4 /* Delegates */ = {
			isa = PBXGroup;
			children = (
				B02D094925F302FB004E7F6A /* AppDelegate.swift */,
				B04C3BEF25F3F3F600A58BD4 /* SceneDelegate.swift */,
			);
			path = Delegates;
			sourceTree = "<group>";
		};
		B04C3BE225F3EF8400A58BD4 /* View Controllers */ = {
			isa = PBXGroup;
			children = (
				B0E99F0B25F314E60083CA88 /* LoginViewController.swift */,
				B0E99F0E25F314EE0083CA88 /* FeedViewController.swift */,
				B0E99F1225F31F250083CA88 /* NewPostViewController.swift */,
			);
			path = "View Controllers";
			sourceTree = "<group>";
		};
		B04C3BE325F3EF8C00A58BD4 /* Views */ = {
			isa = PBXGroup;
			children = (
				B04C3BD225F3D44C00A58BD4 /* PostTableViewCell.swift */,
			);
			path = Views;
			sourceTree = "<group>";
		};
		D22E3B2FD6716B255A223D3E /* Pods */ = {
			isa = PBXGroup;
			children = (
				4120F4F9A2012345CD82A226 /* Pods-Parstagram.debug.xcconfig */,
				2323482248E5BE53BE910801 /* Pods-Parstagram.release.xcconfig */,
			);
			path = Pods;
			sourceTree = "<group>";
		};
/* End PBXGroup section */

/* Begin PBXNativeTarget section */
		B02D094525F302FA004E7F6A /* Parstagram */ = {
			isa = PBXNativeTarget;
			buildConfigurationList = B02D095A25F302FD004E7F6A /* Build configuration list for PBXNativeTarget "Parstagram" */;
			buildPhases = (
				B04C3BD625F3E7D100A58BD4 /* ShellScript */,
				9E096F73517AC4F8F4CC2BC0 /* [CP] Check Pods Manifest.lock */,
				B02D094225F302FA004E7F6A /* Sources */,
				B02D094325F302FA004E7F6A /* Frameworks */,
				B02D094425F302FA004E7F6A /* Resources */,
				14D61D8E19A5DAC5C0D32DE1 /* [CP] Embed Pods Frameworks */,
			);
			buildRules = (
			);
			dependencies = (
			);
			name = Parstagram;
			productName = Parstagram;
			productReference = B02D094625F302FB004E7F6A /* Parstagram.app */;
			productType = "com.apple.product-type.application";
		};
/* End PBXNativeTarget section */

/* Begin PBXProject section */
		B02D093E25F302FA004E7F6A /* Project object */ = {
			isa = PBXProject;
			attributes = {
				LastSwiftUpdateCheck = 1240;
				LastUpgradeCheck = 1240;
				TargetAttributes = {
					B02D094525F302FA004E7F6A = {
						CreatedOnToolsVersion = 12.4;
					};
				};
			};
			buildConfigurationList = B02D094125F302FA004E7F6A /* Build configuration list for PBXProject "Parstagram" */;
			compatibilityVersion = "Xcode 9.3";
			developmentRegion = en;
			hasScannedForEncodings = 0;
			knownRegions = (
				en,
				Base,
			);
			mainGroup = B02D093D25F302FA004E7F6A;
			productRefGroup = B02D094725F302FB004E7F6A /* Products */;
			projectDirPath = "";
			projectRoot = "";
			targets = (
				B02D094525F302FA004E7F6A /* Parstagram */,
			);
		};
/* End PBXProject section */

/* Begin PBXResourcesBuildPhase section */
		B02D094425F302FA004E7F6A /* Resources */ = {
			isa = PBXResourcesBuildPhase;
			buildActionMask = 2147483647;
			files = (
				B02D095625F302FD004E7F6A /* LaunchScreen.storyboard in Resources */,
				B02D095325F302FD004E7F6A /* Assets.xcassets in Resources */,
				B095C6A325F5B97E00862D45 /* README.md in Resources */,
				B02D095125F302FB004E7F6A /* Main.storyboard in Resources */,
			);
			runOnlyForDeploymentPostprocessing = 0;
		};
/* End PBXResourcesBuildPhase section */

/* Begin PBXShellScriptBuildPhase section */
		14D61D8E19A5DAC5C0D32DE1 /* [CP] Embed Pods Frameworks */ = {
			isa = PBXShellScriptBuildPhase;
			buildActionMask = 2147483647;
			files = (
			);
			inputFileListPaths = (
				"${PODS_ROOT}/Target Support Files/Pods-Parstagram/Pods-Parstagram-frameworks-${CONFIGURATION}-input-files.xcfilelist",
			);
			name = "[CP] Embed Pods Frameworks";
			outputFileListPaths = (
				"${PODS_ROOT}/Target Support Files/Pods-Parstagram/Pods-Parstagram-frameworks-${CONFIGURATION}-output-files.xcfilelist",
			);
			runOnlyForDeploymentPostprocessing = 0;
			shellPath = /bin/sh;
			shellScript = "\"${PODS_ROOT}/Target Support Files/Pods-Parstagram/Pods-Parstagram-frameworks.sh\"\n";
			showEnvVarsInLog = 0;
		};
		9E096F73517AC4F8F4CC2BC0 /* [CP] Check Pods Manifest.lock */ = {
			isa = PBXShellScriptBuildPhase;
			buildActionMask = 2147483647;
			files = (
			);
			inputFileListPaths = (
			);
			inputPaths = (
				"${PODS_PODFILE_DIR_PATH}/Podfile.lock",
				"${PODS_ROOT}/Manifest.lock",
			);
			name = "[CP] Check Pods Manifest.lock";
			outputFileListPaths = (
			);
			outputPaths = (
				"$(DERIVED_FILE_DIR)/Pods-Parstagram-checkManifestLockResult.txt",
			);
			runOnlyForDeploymentPostprocessing = 0;
			shellPath = /bin/sh;
			shellScript = "diff \"${PODS_PODFILE_DIR_PATH}/Podfile.lock\" \"${PODS_ROOT}/Manifest.lock\" > /dev/null\nif [ $? != 0 ] ; then\n    # print error to STDERR\n    echo \"error: The sandbox is not in sync with the Podfile.lock. Run 'pod install' or update your CocoaPods installation.\" >&2\n    exit 1\nfi\n# This output is used by Xcode 'outputs' to avoid re-running this script phase.\necho \"SUCCESS\" > \"${SCRIPT_OUTPUT_FILE_0}\"\n";
			showEnvVarsInLog = 0;
		};
		B04C3BD625F3E7D100A58BD4 /* ShellScript */ = {
			isa = PBXShellScriptBuildPhase;
			alwaysOutOfDate = 1;
			buildActionMask = 2147483647;
			files = (
			);
			inputFileListPaths = (
			);
			inputPaths = (
			);
			outputFileListPaths = (
			);
			outputPaths = (
			);
			runOnlyForDeploymentPostprocessing = 0;
			shellPath = /bin/sh;
			shellScript = "swiftlint --no-cache --config ~/.config/swift/swiftlintconfig.yml\n";
		};
/* End PBXShellScriptBuildPhase section */

/* Begin PBXSourcesBuildPhase section */
		B02D094225F302FA004E7F6A /* Sources */ = {
			isa = PBXSourcesBuildPhase;
			buildActionMask = 2147483647;
			files = (
				B0E99F0C25F314E60083CA88 /* LoginViewController.swift in Sources */,
				B02D094A25F302FB004E7F6A /* AppDelegate.swift in Sources */,
				B0E99F0F25F314EE0083CA88 /* FeedViewController.swift in Sources */,
				B0E99F1325F31F250083CA88 /* NewPostViewController.swift in Sources */,
				B04C3BD325F3D45400A58BD4 /* PostTableViewCell.swift in Sources */,
				B04C3BF025F3F3F600A58BD4 /* SceneDelegate.swift in Sources */,
			);
			runOnlyForDeploymentPostprocessing = 0;
		};
/* End PBXSourcesBuildPhase section */

/* Begin PBXVariantGroup section */
		B02D094F25F302FB004E7F6A /* Main.storyboard */ = {
			isa = PBXVariantGroup;
			children = (
				B02D095025F302FB004E7F6A /* Base */,
			);
			name = Main.storyboard;
			sourceTree = "<group>";
		};
		B02D095425F302FD004E7F6A /* LaunchScreen.storyboard */ = {
			isa = PBXVariantGroup;
			children = (
				B02D095525F302FD004E7F6A /* Base */,
			);
			name = LaunchScreen.storyboard;
			sourceTree = "<group>";
		};
/* End PBXVariantGroup section */

/* Begin XCBuildConfiguration section */
		B02D095825F302FD004E7F6A /* Debug */ = {
			isa = XCBuildConfiguration;
			buildSettings = {
				ALWAYS_SEARCH_USER_PATHS = NO;
				CLANG_ANALYZER_NONNULL = YES;
				CLANG_ANALYZER_NUMBER_OBJECT_CONVERSION = YES_AGGRESSIVE;
				CLANG_CXX_LANGUAGE_STANDARD = "gnu++14";
				CLANG_CXX_LIBRARY = "libc++";
				CLANG_ENABLE_MODULES = YES;
				CLANG_ENABLE_OBJC_ARC = YES;
				CLANG_ENABLE_OBJC_WEAK = YES;
				CLANG_WARN_BLOCK_CAPTURE_AUTORELEASING = YES;
				CLANG_WARN_BOOL_CONVERSION = YES;
				CLANG_WARN_COMMA = YES;
				CLANG_WARN_CONSTANT_CONVERSION = YES;
				CLANG_WARN_DEPRECATED_OBJC_IMPLEMENTATIONS = YES;
				CLANG_WARN_DIRECT_OBJC_ISA_USAGE = YES_ERROR;
				CLANG_WARN_DOCUMENTATION_COMMENTS = YES;
				CLANG_WARN_EMPTY_BODY = YES;
				CLANG_WARN_ENUM_CONVERSION = YES;
				CLANG_WARN_INFINITE_RECURSION = YES;
				CLANG_WARN_INT_CONVERSION = YES;
				CLANG_WARN_NON_LITERAL_NULL_CONVERSION = YES;
				CLANG_WARN_OBJC_IMPLICIT_RETAIN_SELF = YES;
				CLANG_WARN_OBJC_LITERAL_CONVERSION = YES;
				CLANG_WARN_OBJC_ROOT_CLASS = YES_ERROR;
				CLANG_WARN_QUOTED_INCLUDE_IN_FRAMEWORK_HEADER = YES;
				CLANG_WARN_RANGE_LOOP_ANALYSIS = YES;
				CLANG_WARN_STRICT_PROTOTYPES = YES;
				CLANG_WARN_SUSPICIOUS_MOVE = YES;
				CLANG_WARN_UNGUARDED_AVAILABILITY = YES_AGGRESSIVE;
				CLANG_WARN_UNREACHABLE_CODE = YES;
				CLANG_WARN__DUPLICATE_METHOD_MATCH = YES;
				COPY_PHASE_STRIP = NO;
				DEBUG_INFORMATION_FORMAT = dwarf;
				ENABLE_STRICT_OBJC_MSGSEND = YES;
				ENABLE_TESTABILITY = YES;
				GCC_C_LANGUAGE_STANDARD = gnu11;
				GCC_DYNAMIC_NO_PIC = NO;
				GCC_NO_COMMON_BLOCKS = YES;
				GCC_OPTIMIZATION_LEVEL = 0;
				GCC_PREPROCESSOR_DEFINITIONS = (
					"DEBUG=1",
					"$(inherited)",
				);
				GCC_WARN_64_TO_32_BIT_CONVERSION = YES;
				GCC_WARN_ABOUT_RETURN_TYPE = YES_ERROR;
				GCC_WARN_UNDECLARED_SELECTOR = YES;
				GCC_WARN_UNINITIALIZED_AUTOS = YES_AGGRESSIVE;
				GCC_WARN_UNUSED_FUNCTION = YES;
				GCC_WARN_UNUSED_VARIABLE = YES;
				IPHONEOS_DEPLOYMENT_TARGET = 14.4;
				MTL_ENABLE_DEBUG_INFO = INCLUDE_SOURCE;
				MTL_FAST_MATH = YES;
				ONLY_ACTIVE_ARCH = YES;
				SDKROOT = iphoneos;
				SWIFT_ACTIVE_COMPILATION_CONDITIONS = DEBUG;
				SWIFT_OPTIMIZATION_LEVEL = "-Onone";
			};
			name = Debug;
		};
		B02D095925F302FD004E7F6A /* Release */ = {
			isa = XCBuildConfiguration;
			buildSettings = {
				ALWAYS_SEARCH_USER_PATHS = NO;
				CLANG_ANALYZER_NONNULL = YES;
				CLANG_ANALYZER_NUMBER_OBJECT_CONVERSION = YES_AGGRESSIVE;
				CLANG_CXX_LANGUAGE_STANDARD = "gnu++14";
				CLANG_CXX_LIBRARY = "libc++";
				CLANG_ENABLE_MODULES = YES;
				CLANG_ENABLE_OBJC_ARC = YES;
				CLANG_ENABLE_OBJC_WEAK = YES;
				CLANG_WARN_BLOCK_CAPTURE_AUTORELEASING = YES;
				CLANG_WARN_BOOL_CONVERSION = YES;
				CLANG_WARN_COMMA = YES;
				CLANG_WARN_CONSTANT_CONVERSION = YES;
				CLANG_WARN_DEPRECATED_OBJC_IMPLEMENTATIONS = YES;
				CLANG_WARN_DIRECT_OBJC_ISA_USAGE = YES_ERROR;
				CLANG_WARN_DOCUMENTATION_COMMENTS = YES;
				CLANG_WARN_EMPTY_BODY = YES;
				CLANG_WARN_ENUM_CONVERSION = YES;
				CLANG_WARN_INFINITE_RECURSION = YES;
				CLANG_WARN_INT_CONVERSION = YES;
				CLANG_WARN_NON_LITERAL_NULL_CONVERSION = YES;
				CLANG_WARN_OBJC_IMPLICIT_RETAIN_SELF = YES;
				CLANG_WARN_OBJC_LITERAL_CONVERSION = YES;
				CLANG_WARN_OBJC_ROOT_CLASS = YES_ERROR;
				CLANG_WARN_QUOTED_INCLUDE_IN_FRAMEWORK_HEADER = YES;
				CLANG_WARN_RANGE_LOOP_ANALYSIS = YES;
				CLANG_WARN_STRICT_PROTOTYPES = YES;
				CLANG_WARN_SUSPICIOUS_MOVE = YES;
				CLANG_WARN_UNGUARDED_AVAILABILITY = YES_AGGRESSIVE;
				CLANG_WARN_UNREACHABLE_CODE = YES;
				CLANG_WARN__DUPLICATE_METHOD_MATCH = YES;
				COPY_PHASE_STRIP = NO;
				DEBUG_INFORMATION_FORMAT = "dwarf-with-dsym";
				ENABLE_NS_ASSERTIONS = NO;
				ENABLE_STRICT_OBJC_MSGSEND = YES;
				GCC_C_LANGUAGE_STANDARD = gnu11;
				GCC_NO_COMMON_BLOCKS = YES;
				GCC_WARN_64_TO_32_BIT_CONVERSION = YES;
				GCC_WARN_ABOUT_RETURN_TYPE = YES_ERROR;
				GCC_WARN_UNDECLARED_SELECTOR = YES;
				GCC_WARN_UNINITIALIZED_AUTOS = YES_AGGRESSIVE;
				GCC_WARN_UNUSED_FUNCTION = YES;
				GCC_WARN_UNUSED_VARIABLE = YES;
				IPHONEOS_DEPLOYMENT_TARGET = 14.4;
				MTL_ENABLE_DEBUG_INFO = NO;
				MTL_FAST_MATH = YES;
				SDKROOT = iphoneos;
				SWIFT_COMPILATION_MODE = wholemodule;
				SWIFT_OPTIMIZATION_LEVEL = "-O";
				VALIDATE_PRODUCT = YES;
			};
			name = Release;
		};
		B02D095B25F302FD004E7F6A /* Debug */ = {
			isa = XCBuildConfiguration;
			baseConfigurationReference = 4120F4F9A2012345CD82A226 /* Pods-Parstagram.debug.xcconfig */;
			buildSettings = {
				ASSETCATALOG_COMPILER_APPICON_NAME = AppIcon;
				ASSETCATALOG_COMPILER_GLOBAL_ACCENT_COLOR_NAME = AccentColor;
				CODE_SIGN_STYLE = Automatic;
				DEVELOPMENT_TEAM = 3WWPCUG25D;
				INFOPLIST_FILE = Parstagram/Info.plist;
				LD_RUNPATH_SEARCH_PATHS = (
					"$(inherited)",
					"@executable_path/Frameworks",
				);
				PRODUCT_BUNDLE_IDENTIFIER = favianflores.Parstagram;
				PRODUCT_NAME = "$(TARGET_NAME)";
				SWIFT_VERSION = 5.0;
				TARGETED_DEVICE_FAMILY = 1;
			};
			name = Debug;
		};
		B02D095C25F302FD004E7F6A /* Release */ = {
			isa = XCBuildConfiguration;
			baseConfigurationReference = 2323482248E5BE53BE910801 /* Pods-Parstagram.release.xcconfig */;
			buildSettings = {
				ASSETCATALOG_COMPILER_APPICON_NAME = AppIcon;
				ASSETCATALOG_COMPILER_GLOBAL_ACCENT_COLOR_NAME = AccentColor;
				CODE_SIGN_STYLE = Automatic;
				DEVELOPMENT_TEAM = 3WWPCUG25D;
				INFOPLIST_FILE = Parstagram/Info.plist;
				LD_RUNPATH_SEARCH_PATHS = (
					"$(inherited)",
					"@executable_path/Frameworks",
				);
				PRODUCT_BUNDLE_IDENTIFIER = favianflores.Parstagram;
				PRODUCT_NAME = "$(TARGET_NAME)";
				SWIFT_VERSION = 5.0;
				TARGETED_DEVICE_FAMILY = 1;
			};
			name = Release;
		};
/* End XCBuildConfiguration section */

/* Begin XCConfigurationList section */
		B02D094125F302FA004E7F6A /* Build configuration list for PBXProject "Parstagram" */ = {
			isa = XCConfigurationList;
			buildConfigurations = (
				B02D095825F302FD004E7F6A /* Debug */,
				B02D095925F302FD004E7F6A /* Release */,
			);
			defaultConfigurationIsVisible = 0;
			defaultConfigurationName = Release;
		};
		B02D095A25F302FD004E7F6A /* Build configuration list for PBXNativeTarget "Parstagram" */ = {
			isa = XCConfigurationList;
			buildConfigurations = (
				B02D095B25F302FD004E7F6A /* Debug */,
				B02D095C25F302FD004E7F6A /* Release */,
			);
			defaultConfigurationIsVisible = 0;
			defaultConfigurationName = Release;
		};
/* End XCConfigurationList section */
	};
	rootObject = B02D093E25F302FA004E7F6A /* Project object */;
}
